
Microsoft Visual Studio Solution File, Format Version 12.00
# Visual Studio 14
VisualStudioVersion = 14.0.25420.1
MinimumVisualStudioVersion = 10.0.40219.1
Project("{2150E333-8FDC-42A3-9474-1A3956D46DE8}") = "Tests", "Tests", "{4A2E09A4-AD94-4D36-B4FC-3DF9EF186BE5}"
EndProject
Project("{FAE04EC0-301F-11D3-BF4B-00C04F79EFBC}") = "Tethys.Silverlight.WP8", "Tethys.Silverlight.WP8\Tethys.Silverlight.WP8.csproj", "{D3E8076C-A1D6-4346-B425-D02614BFBDD3}"
EndProject
Project("{FAE04EC0-301F-11D3-BF4B-00C04F79EFBC}") = "Tethys.Silverlight.WPF", "Tethys.Silverlight.WPF\Tethys.Silverlight.WPF.csproj", "{EC6B6C43-54FA-4617-B2B9-6C348CA63421}"
EndProject
Project("{FAE04EC0-301F-11D3-BF4B-00C04F79EFBC}") = "Tethys.Silverlight.WinRt", "Tethys.Silverlight.WinRt\Tethys.Silverlight.WinRt.csproj", "{AC0FF5B9-F56B-468E-A401-479A1B3CB69D}"
EndProject
Project("{FAE04EC0-301F-11D3-BF4B-00C04F79EFBC}") = "Tethys.Silverlight.WinRt.Test", "Tests\Tethys.Silverlight.WinRt.Test\Tethys.Silverlight.WinRt.Test.csproj", "{41249FBD-370B-4A34-AAE1-683B6338DF64}"
EndProject
Project("{FAE04EC0-301F-11D3-BF4B-00C04F79EFBC}") = "Tethys.Silverlight.TestSupport", "Tests\Tethys.Silverlight.TestSupport\Tethys.Silverlight.TestSupport.csproj", "{1CADCBD1-BB9E-494C-983B-79F2FA434052}"
EndProject
Project("{FAE04EC0-301F-11D3-BF4B-00C04F79EFBC}") = "Tethys.Silverlight.WP8.Test", "Tests\Tethys.Silverlight.WP8.Test\Tethys.Silverlight.WP8.Test.csproj", "{3ABDC564-61A7-4AF9-B405-889F28A71CFD}"
EndProject
Project("{2150E333-8FDC-42A3-9474-1A3956D46DE8}") = "Global", "Global", "{8EEDA502-40B6-4195-AF99-5DB6AA802F90}"
	ProjectSection(SolutionItems) = preProject
		GlobalAssemblyInfo.cs = GlobalAssemblyInfo.cs
	EndProjectSection
EndProject
Project("{2150E333-8FDC-42A3-9474-1A3956D46DE8}") = "TestApps", "TestApps", "{69086771-5F9C-4446-9A95-D5F82FAD75A5}"
EndProject
Project("{FAE04EC0-301F-11D3-BF4B-00C04F79EFBC}") = "DialogHelperDemo", "Tests\TestApps\DialogHelperDemo\DialogHelperDemo.csproj", "{69108919-33CB-45C0-8BC4-3743497269A7}"
EndProject
Project("{FAE04EC0-301F-11D3-BF4B-00C04F79EFBC}") = "WpfApplicationExceptionDialog", "Tests\TestApps\WpfApplicationExceptionDialog\WpfApplicationExceptionDialog.csproj", "{1E17ACB2-80E1-44AE-AF08-C9FC9CD98910}"
EndProject
Project("{2150E333-8FDC-42A3-9474-1A3956D46DE8}") = "doc", "doc", "{A3ED81DD-5EF5-4F95-BBE5-93C7DF8A5412}"
	ProjectSection(SolutionItems) = preProject
		ChangeLog.md = ChangeLog.md
		README.md = README.md
	EndProjectSection
EndProject
Project("{FAE04EC0-301F-11D3-BF4B-00C04F79EFBC}") = "Tethys.Silverlight.UniversalWin81", "Tethys.Silverlight.UniversalWin81\Tethys.Silverlight.UniversalWin81.csproj", "{CC1AE4C3-396B-45A3-BEB8-5438CE95B888}"
EndProject
Project("{FAE04EC0-301F-11D3-BF4B-00C04F79EFBC}") = "Tethys.Silverlight.UAP10", "Tethys.Silverlight.UAP10\Tethys.Silverlight.UAP10.csproj", "{8AB9AC27-2873-4518-9844-5B3B3A8705A9}"
EndProject
Global
	GlobalSection(SolutionConfigurationPlatforms) = preSolution
		Debug|Any CPU = Debug|Any CPU
		Debug|ARM = Debug|ARM
		Debug|Mixed Platforms = Debug|Mixed Platforms
		Debug|x64 = Debug|x64
		Debug|x86 = Debug|x86
		Release|Any CPU = Release|Any CPU
		Release|ARM = Release|ARM
		Release|Mixed Platforms = Release|Mixed Platforms
		Release|x64 = Release|x64
		Release|x86 = Release|x86
	EndGlobalSection
	GlobalSection(ProjectConfigurationPlatforms) = postSolution
		{D3E8076C-A1D6-4346-B425-D02614BFBDD3}.Debug|Any CPU.ActiveCfg = Debug|Any CPU
		{D3E8076C-A1D6-4346-B425-D02614BFBDD3}.Debug|Any CPU.Build.0 = Debug|Any CPU
		{D3E8076C-A1D6-4346-B425-D02614BFBDD3}.Debug|ARM.ActiveCfg = Debug|ARM
		{D3E8076C-A1D6-4346-B425-D02614BFBDD3}.Debug|ARM.Build.0 = Debug|ARM
		{D3E8076C-A1D6-4346-B425-D02614BFBDD3}.Debug|Mixed Platforms.ActiveCfg = Debug|x86
		{D3E8076C-A1D6-4346-B425-D02614BFBDD3}.Debug|Mixed Platforms.Build.0 = Debug|x86
		{D3E8076C-A1D6-4346-B425-D02614BFBDD3}.Debug|x64.ActiveCfg = Debug|Any CPU
		{D3E8076C-A1D6-4346-B425-D02614BFBDD3}.Debug|x86.ActiveCfg = Debug|x86
		{D3E8076C-A1D6-4346-B425-D02614BFBDD3}.Debug|x86.Build.0 = Debug|x86
		{D3E8076C-A1D6-4346-B425-D02614BFBDD3}.Release|Any CPU.ActiveCfg = Release|Any CPU
		{D3E8076C-A1D6-4346-B425-D02614BFBDD3}.Release|Any CPU.Build.0 = Release|Any CPU
		{D3E8076C-A1D6-4346-B425-D02614BFBDD3}.Release|ARM.ActiveCfg = Release|ARM
		{D3E8076C-A1D6-4346-B425-D02614BFBDD3}.Release|ARM.Build.0 = Release|ARM
		{D3E8076C-A1D6-4346-B425-D02614BFBDD3}.Release|Mixed Platforms.ActiveCfg = Release|x86
		{D3E8076C-A1D6-4346-B425-D02614BFBDD3}.Release|Mixed Platforms.Build.0 = Release|x86
		{D3E8076C-A1D6-4346-B425-D02614BFBDD3}.Release|x64.ActiveCfg = Release|Any CPU
		{D3E8076C-A1D6-4346-B425-D02614BFBDD3}.Release|x86.ActiveCfg = Release|x86
		{D3E8076C-A1D6-4346-B425-D02614BFBDD3}.Release|x86.Build.0 = Release|x86
		{EC6B6C43-54FA-4617-B2B9-6C348CA63421}.Debug|Any CPU.ActiveCfg = Debug|Any CPU
		{EC6B6C43-54FA-4617-B2B9-6C348CA63421}.Debug|Any CPU.Build.0 = Debug|Any CPU
		{EC6B6C43-54FA-4617-B2B9-6C348CA63421}.Debug|ARM.ActiveCfg = Debug|Any CPU
		{EC6B6C43-54FA-4617-B2B9-6C348CA63421}.Debug|Mixed Platforms.ActiveCfg = Debug|Any CPU
		{EC6B6C43-54FA-4617-B2B9-6C348CA63421}.Debug|Mixed Platforms.Build.0 = Debug|Any CPU
		{EC6B6C43-54FA-4617-B2B9-6C348CA63421}.Debug|x64.ActiveCfg = Debug|Any CPU
		{EC6B6C43-54FA-4617-B2B9-6C348CA63421}.Debug|x86.ActiveCfg = Debug|Any CPU
		{EC6B6C43-54FA-4617-B2B9-6C348CA63421}.Release|Any CPU.ActiveCfg = Release|Any CPU
		{EC6B6C43-54FA-4617-B2B9-6C348CA63421}.Release|Any CPU.Build.0 = Release|Any CPU
		{EC6B6C43-54FA-4617-B2B9-6C348CA63421}.Release|ARM.ActiveCfg = Release|Any CPU
		{EC6B6C43-54FA-4617-B2B9-6C348CA63421}.Release|Mixed Platforms.ActiveCfg = Release|Any CPU
		{EC6B6C43-54FA-4617-B2B9-6C348CA63421}.Release|Mixed Platforms.Build.0 = Release|Any CPU
		{EC6B6C43-54FA-4617-B2B9-6C348CA63421}.Release|x64.ActiveCfg = Release|Any CPU
		{EC6B6C43-54FA-4617-B2B9-6C348CA63421}.Release|x86.ActiveCfg = Release|Any CPU
		{AC0FF5B9-F56B-468E-A401-479A1B3CB69D}.Debug|Any CPU.ActiveCfg = Debug|Any CPU
		{AC0FF5B9-F56B-468E-A401-479A1B3CB69D}.Debug|Any CPU.Build.0 = Debug|Any CPU
		{AC0FF5B9-F56B-468E-A401-479A1B3CB69D}.Debug|ARM.ActiveCfg = Debug|ARM
		{AC0FF5B9-F56B-468E-A401-479A1B3CB69D}.Debug|ARM.Build.0 = Debug|ARM
		{AC0FF5B9-F56B-468E-A401-479A1B3CB69D}.Debug|Mixed Platforms.ActiveCfg = Debug|x86
		{AC0FF5B9-F56B-468E-A401-479A1B3CB69D}.Debug|Mixed Platforms.Build.0 = Debug|x86
		{AC0FF5B9-F56B-468E-A401-479A1B3CB69D}.Debug|x64.ActiveCfg = Debug|x64
		{AC0FF5B9-F56B-468E-A401-479A1B3CB69D}.Debug|x64.Build.0 = Debug|x64
		{AC0FF5B9-F56B-468E-A401-479A1B3CB69D}.Debug|x86.ActiveCfg = Debug|x86
		{AC0FF5B9-F56B-468E-A401-479A1B3CB69D}.Debug|x86.Build.0 = Debug|x86
		{AC0FF5B9-F56B-468E-A401-479A1B3CB69D}.Release|Any CPU.ActiveCfg = Release|Any CPU
		{AC0FF5B9-F56B-468E-A401-479A1B3CB69D}.Release|Any CPU.Build.0 = Release|Any CPU
		{AC0FF5B9-F56B-468E-A401-479A1B3CB69D}.Release|ARM.ActiveCfg = Release|ARM
		{AC0FF5B9-F56B-468E-A401-479A1B3CB69D}.Release|ARM.Build.0 = Release|ARM
		{AC0FF5B9-F56B-468E-A401-479A1B3CB69D}.Release|Mixed Platforms.ActiveCfg = Release|x86
		{AC0FF5B9-F56B-468E-A401-479A1B3CB69D}.Release|Mixed Platforms.Build.0 = Release|x86
		{AC0FF5B9-F56B-468E-A401-479A1B3CB69D}.Release|x64.ActiveCfg = Release|x64
		{AC0FF5B9-F56B-468E-A401-479A1B3CB69D}.Release|x64.Build.0 = Release|x64
		{AC0FF5B9-F56B-468E-A401-479A1B3CB69D}.Release|x86.ActiveCfg = Release|x86
		{AC0FF5B9-F56B-468E-A401-479A1B3CB69D}.Release|x86.Build.0 = Release|x86
		{41249FBD-370B-4A34-AAE1-683B6338DF64}.Debug|Any CPU.ActiveCfg = Debug|Any CPU
		{41249FBD-370B-4A34-AAE1-683B6338DF64}.Debug|Any CPU.Build.0 = Debug|Any CPU
		{41249FBD-370B-4A34-AAE1-683B6338DF64}.Debug|Any CPU.Deploy.0 = Debug|Any CPU
		{41249FBD-370B-4A34-AAE1-683B6338DF64}.Debug|ARM.ActiveCfg = Debug|ARM
		{41249FBD-370B-4A34-AAE1-683B6338DF64}.Debug|ARM.Build.0 = Debug|ARM
		{41249FBD-370B-4A34-AAE1-683B6338DF64}.Debug|ARM.Deploy.0 = Debug|ARM
		{41249FBD-370B-4A34-AAE1-683B6338DF64}.Debug|Mixed Platforms.ActiveCfg = Debug|x86
		{41249FBD-370B-4A34-AAE1-683B6338DF64}.Debug|x64.ActiveCfg = Debug|x64
		{41249FBD-370B-4A34-AAE1-683B6338DF64}.Debug|x64.Build.0 = Debug|x64
		{41249FBD-370B-4A34-AAE1-683B6338DF64}.Debug|x64.Deploy.0 = Debug|x64
		{41249FBD-370B-4A34-AAE1-683B6338DF64}.Debug|x86.ActiveCfg = Debug|x86
		{41249FBD-370B-4A34-AAE1-683B6338DF64}.Debug|x86.Build.0 = Debug|x86
		{41249FBD-370B-4A34-AAE1-683B6338DF64}.Debug|x86.Deploy.0 = Debug|x86
		{41249FBD-370B-4A34-AAE1-683B6338DF64}.Release|Any CPU.ActiveCfg = Release|Any CPU
		{41249FBD-370B-4A34-AAE1-683B6338DF64}.Release|Any CPU.Build.0 = Release|Any CPU
		{41249FBD-370B-4A34-AAE1-683B6338DF64}.Release|Any CPU.Deploy.0 = Release|Any CPU
		{41249FBD-370B-4A34-AAE1-683B6338DF64}.Release|ARM.ActiveCfg = Release|ARM
		{41249FBD-370B-4A34-AAE1-683B6338DF64}.Release|ARM.Build.0 = Release|ARM
		{41249FBD-370B-4A34-AAE1-683B6338DF64}.Release|ARM.Deploy.0 = Release|ARM
		{41249FBD-370B-4A34-AAE1-683B6338DF64}.Release|Mixed Platforms.ActiveCfg = Release|x86
		{41249FBD-370B-4A34-AAE1-683B6338DF64}.Release|x64.ActiveCfg = Release|x64
		{41249FBD-370B-4A34-AAE1-683B6338DF64}.Release|x64.Build.0 = Release|x64
		{41249FBD-370B-4A34-AAE1-683B6338DF64}.Release|x64.Deploy.0 = Release|x64
		{41249FBD-370B-4A34-AAE1-683B6338DF64}.Release|x86.ActiveCfg = Release|x86
		{41249FBD-370B-4A34-AAE1-683B6338DF64}.Release|x86.Build.0 = Release|x86
		{41249FBD-370B-4A34-AAE1-683B6338DF64}.Release|x86.Deploy.0 = Release|x86
		{1CADCBD1-BB9E-494C-983B-79F2FA434052}.Debug|Any CPU.ActiveCfg = Debug|Any CPU
		{1CADCBD1-BB9E-494C-983B-79F2FA434052}.Debug|Any CPU.Build.0 = Debug|Any CPU
		{1CADCBD1-BB9E-494C-983B-79F2FA434052}.Debug|ARM.ActiveCfg = Debug|Any CPU
		{1CADCBD1-BB9E-494C-983B-79F2FA434052}.Debug|Mixed Platforms.ActiveCfg = Debug|Any CPU
		{1CADCBD1-BB9E-494C-983B-79F2FA434052}.Debug|Mixed Platforms.Build.0 = Debug|Any CPU
		{1CADCBD1-BB9E-494C-983B-79F2FA434052}.Debug|x64.ActiveCfg = Debug|Any CPU
		{1CADCBD1-BB9E-494C-983B-79F2FA434052}.Debug|x86.ActiveCfg = Debug|Any CPU
		{1CADCBD1-BB9E-494C-983B-79F2FA434052}.Release|Any CPU.ActiveCfg = Release|Any CPU
		{1CADCBD1-BB9E-494C-983B-79F2FA434052}.Release|Any CPU.Build.0 = Release|Any CPU
		{1CADCBD1-BB9E-494C-983B-79F2FA434052}.Release|ARM.ActiveCfg = Release|Any CPU
		{1CADCBD1-BB9E-494C-983B-79F2FA434052}.Release|Mixed Platforms.ActiveCfg = Release|Any CPU
		{1CADCBD1-BB9E-494C-983B-79F2FA434052}.Release|Mixed Platforms.Build.0 = Release|Any CPU
		{1CADCBD1-BB9E-494C-983B-79F2FA434052}.Release|x64.ActiveCfg = Release|Any CPU
		{1CADCBD1-BB9E-494C-983B-79F2FA434052}.Release|x86.ActiveCfg = Release|Any CPU
		{3ABDC564-61A7-4AF9-B405-889F28A71CFD}.Debug|Any CPU.ActiveCfg = Debug|Any CPU
		{3ABDC564-61A7-4AF9-B405-889F28A71CFD}.Debug|Any CPU.Build.0 = Debug|Any CPU
		{3ABDC564-61A7-4AF9-B405-889F28A71CFD}.Debug|ARM.ActiveCfg = Debug|Any CPU
		{3ABDC564-61A7-4AF9-B405-889F28A71CFD}.Debug|Mixed Platforms.ActiveCfg = Debug|Any CPU
		{3ABDC564-61A7-4AF9-B405-889F28A71CFD}.Debug|Mixed Platforms.Build.0 = Debug|Any CPU
		{3ABDC564-61A7-4AF9-B405-889F28A71CFD}.Debug|x64.ActiveCfg = Debug|Any CPU
		{3ABDC564-61A7-4AF9-B405-889F28A71CFD}.Debug|x86.ActiveCfg = Debug|Any CPU
		{3ABDC564-61A7-4AF9-B405-889F28A71CFD}.Release|Any CPU.ActiveCfg = Release|Any CPU
		{3ABDC564-61A7-4AF9-B405-889F28A71CFD}.Release|Any CPU.Build.0 = Release|Any CPU
		{3ABDC564-61A7-4AF9-B405-889F28A71CFD}.Release|ARM.ActiveCfg = Release|Any CPU
		{3ABDC564-61A7-4AF9-B405-889F28A71CFD}.Release|Mixed Platforms.ActiveCfg = Release|Any CPU
		{3ABDC564-61A7-4AF9-B405-889F28A71CFD}.Release|Mixed Platforms.Build.0 = Release|Any CPU
		{3ABDC564-61A7-4AF9-B405-889F28A71CFD}.Release|x64.ActiveCfg = Release|Any CPU
		{3ABDC564-61A7-4AF9-B405-889F28A71CFD}.Release|x86.ActiveCfg = Release|Any CPU
		{69108919-33CB-45C0-8BC4-3743497269A7}.Debug|Any CPU.ActiveCfg = Debug|x86
		{69108919-33CB-45C0-8BC4-3743497269A7}.Debug|ARM.ActiveCfg = Debug|x86
		{69108919-33CB-45C0-8BC4-3743497269A7}.Debug|Mixed Platforms.ActiveCfg = Debug|x86
		{69108919-33CB-45C0-8BC4-3743497269A7}.Debug|Mixed Platforms.Build.0 = Debug|x86
		{69108919-33CB-45C0-8BC4-3743497269A7}.Debug|x64.ActiveCfg = Debug|x86
		{69108919-33CB-45C0-8BC4-3743497269A7}.Debug|x86.ActiveCfg = Debug|x86
		{69108919-33CB-45C0-8BC4-3743497269A7}.Debug|x86.Build.0 = Debug|x86
		{69108919-33CB-45C0-8BC4-3743497269A7}.Release|Any CPU.ActiveCfg = Release|x86
		{69108919-33CB-45C0-8BC4-3743497269A7}.Release|ARM.ActiveCfg = Release|x86
		{69108919-33CB-45C0-8BC4-3743497269A7}.Release|Mixed Platforms.ActiveCfg = Release|x86
		{69108919-33CB-45C0-8BC4-3743497269A7}.Release|Mixed Platforms.Build.0 = Release|x86
		{69108919-33CB-45C0-8BC4-3743497269A7}.Release|x64.ActiveCfg = Release|x86
		{69108919-33CB-45C0-8BC4-3743497269A7}.Release|x86.ActiveCfg = Release|x86
		{69108919-33CB-45C0-8BC4-3743497269A7}.Release|x86.Build.0 = Release|x86
		{1E17ACB2-80E1-44AE-AF08-C9FC9CD98910}.Debug|Any CPU.ActiveCfg = Debug|x86
		{1E17ACB2-80E1-44AE-AF08-C9FC9CD98910}.Debug|ARM.ActiveCfg = Debug|x86
		{1E17ACB2-80E1-44AE-AF08-C9FC9CD98910}.Debug|Mixed Platforms.ActiveCfg = Debug|x86
		{1E17ACB2-80E1-44AE-AF08-C9FC9CD98910}.Debug|Mixed Platforms.Build.0 = Debug|x86
		{1E17ACB2-80E1-44AE-AF08-C9FC9CD98910}.Debug|x64.ActiveCfg = Debug|x86
		{1E17ACB2-80E1-44AE-AF08-C9FC9CD98910}.Debug|x86.ActiveCfg = Debug|x86
		{1E17ACB2-80E1-44AE-AF08-C9FC9CD98910}.Debug|x86.Build.0 = Debug|x86
		{1E17ACB2-80E1-44AE-AF08-C9FC9CD98910}.Release|Any CPU.ActiveCfg = Release|x86
		{1E17ACB2-80E1-44AE-AF08-C9FC9CD98910}.Release|ARM.ActiveCfg = Release|x86
		{1E17ACB2-80E1-44AE-AF08-C9FC9CD98910}.Release|Mixed Platforms.ActiveCfg = Release|x86
		{1E17ACB2-80E1-44AE-AF08-C9FC9CD98910}.Release|Mixed Platforms.Build.0 = Release|x86
		{1E17ACB2-80E1-44AE-AF08-C9FC9CD98910}.Release|x64.ActiveCfg = Release|x86
		{1E17ACB2-80E1-44AE-AF08-C9FC9CD98910}.Release|x86.ActiveCfg = Release|x86
		{1E17ACB2-80E1-44AE-AF08-C9FC9CD98910}.Release|x86.Build.0 = Release|x86
		{CC1AE4C3-396B-45A3-BEB8-5438CE95B888}.Debug|Any CPU.ActiveCfg = Debug|Any CPU
		{CC1AE4C3-396B-45A3-BEB8-5438CE95B888}.Debug|Any CPU.Build.0 = Debug|Any CPU
		{CC1AE4C3-396B-45A3-BEB8-5438CE95B888}.Debug|ARM.ActiveCfg = Debug|Any CPU
		{CC1AE4C3-396B-45A3-BEB8-5438CE95B888}.Debug|ARM.Build.0 = Debug|Any CPU
		{CC1AE4C3-396B-45A3-BEB8-5438CE95B888}.Debug|Mixed Platforms.ActiveCfg = Debug|Any CPU
		{CC1AE4C3-396B-45A3-BEB8-5438CE95B888}.Debug|Mixed Platforms.Build.0 = Debug|Any CPU
		{CC1AE4C3-396B-45A3-BEB8-5438CE95B888}.Debug|x64.ActiveCfg = Debug|Any CPU
		{CC1AE4C3-396B-45A3-BEB8-5438CE95B888}.Debug|x64.Build.0 = Debug|Any CPU
		{CC1AE4C3-396B-45A3-BEB8-5438CE95B888}.Debug|x86.ActiveCfg = Debug|Any CPU
		{CC1AE4C3-396B-45A3-BEB8-5438CE95B888}.Debug|x86.Build.0 = Debug|Any CPU
		{CC1AE4C3-396B-45A3-BEB8-5438CE95B888}.Release|Any CPU.ActiveCfg = Release|Any CPU
		{CC1AE4C3-396B-45A3-BEB8-5438CE95B888}.Release|Any CPU.Build.0 = Release|Any CPU
		{CC1AE4C3-396B-45A3-BEB8-5438CE95B888}.Release|ARM.ActiveCfg = Release|Any CPU
		{CC1AE4C3-396B-45A3-BEB8-5438CE95B888}.Release|ARM.Build.0 = Release|Any CPU
		{CC1AE4C3-396B-45A3-BEB8-5438CE95B888}.Release|Mixed Platforms.ActiveCfg = Release|Any CPU
		{CC1AE4C3-396B-45A3-BEB8-5438CE95B888}.Release|Mixed Platforms.Build.0 = Release|Any CPU
		{CC1AE4C3-396B-45A3-BEB8-5438CE95B888}.Release|x64.ActiveCfg = Release|Any CPU
		{CC1AE4C3-396B-45A3-BEB8-5438CE95B888}.Release|x64.Build.0 = Release|Any CPU
		{CC1AE4C3-396B-45A3-BEB8-5438CE95B888}.Release|x86.ActiveCfg = Release|Any CPU
		{CC1AE4C3-396B-45A3-BEB8-5438CE95B888}.Release|x86.Build.0 = Release|Any CPU
		{8AB9AC27-2873-4518-9844-5B3B3A8705A9}.Debug|Any CPU.ActiveCfg = Debug|Any CPU
		{8AB9AC27-2873-4518-9844-5B3B3A8705A9}.Debug|Any CPU.Build.0 = Debug|Any CPU
		{8AB9AC27-2873-4518-9844-5B3B3A8705A9}.Debug|ARM.ActiveCfg = Debug|ARM
		{8AB9AC27-2873-4518-9844-5B3B3A8705A9}.Debug|ARM.Build.0 = Debug|ARM
		{8AB9AC27-2873-4518-9844-5B3B3A8705A9}.Debug|Mixed Platforms.ActiveCfg = Debug|x86
		{8AB9AC27-2873-4518-9844-5B3B3A8705A9}.Debug|Mixed Platforms.Build.0 = Debug|x86
		{8AB9AC27-2873-4518-9844-5B3B3A8705A9}.Debug|x64.ActiveCfg = Debug|x64
		{8AB9AC27-2873-4518-9844-5B3B3A8705A9}.Debug|x64.Build.0 = Debug|x64
		{8AB9AC27-2873-4518-9844-5B3B3A8705A9}.Debug|x86.ActiveCfg = Debug|x86
		{8AB9AC27-2873-4518-9844-5B3B3A8705A9}.Debug|x86.Build.0 = Debug|x86
		{8AB9AC27-2873-4518-9844-5B3B3A8705A9}.Release|Any CPU.ActiveCfg = Release|Any CPU
		{8AB9AC27-2873-4518-9844-5B3B3A8705A9}.Release|Any CPU.Build.0 = Release|Any CPU
		{8AB9AC27-2873-4518-9844-5B3B3A8705A9}.Release|ARM.ActiveCfg = Release|ARM
		{8AB9AC27-2873-4518-9844-5B3B3A8705A9}.Release|ARM.Build.0 = Release|ARM
		{8AB9AC27-2873-4518-9844-5B3B3A8705A9}.Release|Mixed Platforms.ActiveCfg = Release|x86
		{8AB9AC27-2873-4518-9844-5B3B3A8705A9}.Release|x64.ActiveCfg = Release|x64
		{8AB9AC27-2873-4518-9844-5B3B3A8705A9}.Release|x64.Build.0 = Release|x64
		{8AB9AC27-2873-4518-9844-5B3B3A8705A9}.Release|x86.ActiveCfg = Release|x86
		{8AB9AC27-2873-4518-9844-5B3B3A8705A9}.Release|x86.Build.0 = Release|x86
	EndGlobalSection
	GlobalSection(SolutionProperties) = preSolution
		HideSolutionNode = FALSE
	EndGlobalSection
	GlobalSection(NestedProjects) = preSolution
		{41249FBD-370B-4A34-AAE1-683B6338DF64} = {4A2E09A4-AD94-4D36-B4FC-3DF9EF186BE5}
		{1CADCBD1-BB9E-494C-983B-79F2FA434052} = {4A2E09A4-AD94-4D36-B4FC-3DF9EF186BE5}
		{3ABDC564-61A7-4AF9-B405-889F28A71CFD} = {4A2E09A4-AD94-4D36-B4FC-3DF9EF186BE5}
		{69108919-33CB-45C0-8BC4-3743497269A7} = {69086771-5F9C-4446-9A95-D5F82FAD75A5}
		{1E17ACB2-80E1-44AE-AF08-C9FC9CD98910} = {69086771-5F9C-4446-9A95-D5F82FAD75A5}
	EndGlobalSection
EndGlobal
